{
  "name": "dsa-visualization-html",
  "version": "1.0.0",
  "lockfileVersion": 3,
  "requires": true,
  "packages": {
    "": {
      "name": "dsa-visualization-html",
      "version": "1.0.0",
      "license": "ISC",
      "dependencies": {
        "dsa-visualization-html": "file:"
      }
    },
    "node_modules/dsa-visualization-html": {
      "resolved": "",
      "link": true
    }
  }
}
